
Microsoft Visual Studio Solution File, Format Version 12.00
# Visual Studio Version 16
VisualStudioVersion = 16.0.30413.136
MinimumVisualStudioVersion = 10.0.40219.1
Project("{FAE04EC0-301F-11D3-BF4B-00C04F79EFBC}") = "API.Consumption.Test.Domain", "src\API.Consumption.test.Domain\API.Consumption.Test.Domain.csproj", "{C132ADDA-E080-43AD-91F8-B73A996AB7C3}"
EndProject
Project("{FAE04EC0-301F-11D3-BF4B-00C04F79EFBC}") = "API.Consumption.Test.Infra", "src\API.Consumption.test.Infra\API.Consumption.Test.Infra.csproj", "{89E46D4D-5FFA-4297-B1F7-6730147F0B75}"
EndProject
Project("{FAE04EC0-301F-11D3-BF4B-00C04F79EFBC}") = "API.Consumption.Test.Shared", "src\API.Consumption.Test.Shared\API.Consumption.Test.Shared.csproj", "{677BE9D4-857E-45BF-B3E2-DB88E8202CA4}"
EndProject
Project("{FAE04EC0-301F-11D3-BF4B-00C04F79EFBC}") = "API.Consumption.Test.Api", "src\API.Consumption.Test.Api\API.Consumption.Test.Api.csproj", "{D83EBF2B-8AC9-4059-A540-EE3872BFDFAC}"
EndProject
Global
	GlobalSection(SolutionConfigurationPlatforms) = preSolution
		Debug|Any CPU = Debug|Any CPU
		Release|Any CPU = Release|Any CPU
	EndGlobalSection
	GlobalSection(ProjectConfigurationPlatforms) = postSolution
		{C132ADDA-E080-43AD-91F8-B73A996AB7C3}.Debug|Any CPU.ActiveCfg = Debug|Any CPU
		{C132ADDA-E080-43AD-91F8-B73A996AB7C3}.Debug|Any CPU.Build.0 = Debug|Any CPU
		{C132ADDA-E080-43AD-91F8-B73A996AB7C3}.Release|Any CPU.ActiveCfg = Release|Any CPU
		{C132ADDA-E080-43AD-91F8-B73A996AB7C3}.Release|Any CPU.Build.0 = Release|Any CPU
		{89E46D4D-5FFA-4297-B1F7-6730147F0B75}.Debug|Any CPU.ActiveCfg = Debug|Any CPU
		{89E46D4D-5FFA-4297-B1F7-6730147F0B75}.Debug|Any CPU.Build.0 = Debug|Any CPU
		{89E46D4D-5FFA-4297-B1F7-6730147F0B75}.Release|Any CPU.ActiveCfg = Release|Any CPU
		{89E46D4D-5FFA-4297-B1F7-6730147F0B75}.Release|Any CPU.Build.0 = Release|Any CPU
		{677BE9D4-857E-45BF-B3E2-DB88E8202CA4}.Debug|Any CPU.ActiveCfg = Debug|Any CPU
		{677BE9D4-857E-45BF-B3E2-DB88E8202CA4}.Debug|Any CPU.Build.0 = Debug|Any CPU
		{677BE9D4-857E-45BF-B3E2-DB88E8202CA4}.Release|Any CPU.ActiveCfg = Release|Any CPU
		{677BE9D4-857E-45BF-B3E2-DB88E8202CA4}.Release|Any CPU.Build.0 = Release|Any CPU
		{D83EBF2B-8AC9-4059-A540-EE3872BFDFAC}.Debug|Any CPU.ActiveCfg = Debug|Any CPU
		{D83EBF2B-8AC9-4059-A540-EE3872BFDFAC}.Debug|Any CPU.Build.0 = Debug|Any CPU
		{D83EBF2B-8AC9-4059-A540-EE3872BFDFAC}.Release|Any CPU.ActiveCfg = Release|Any CPU
		{D83EBF2B-8AC9-4059-A540-EE3872BFDFAC}.Release|Any CPU.Build.0 = Release|Any CPU
	EndGlobalSection
	GlobalSection(SolutionProperties) = preSolution
		HideSolutionNode = FALSE
	EndGlobalSection
	GlobalSection(ExtensibilityGlobals) = postSolution
		SolutionGuid = {4B71E840-068B-47C0-A58D-05EB6C63AFEE}
	EndGlobalSection
EndGlobal
